// !$*UTF8*$!
{
	archiveVersion = 1;
	classes = {
	};
	objectVersion = 50;
	objects = {

/* Begin PBXBuildFile section */
		471480EA2EA33A43E7A55F63 /* Int+exntesion.swift in Sources */ = {isa = PBXBuildFile; fileRef = 471481F27980E25DEFCB8D59 /* Int+exntesion.swift */; };
		4714827AA9E72829301E7A4A /* PredictionsMakeAdapter.swift in Sources */ = {isa = PBXBuildFile; fileRef = 471480B4C600C994BBC8BEA1 /* PredictionsMakeAdapter.swift */; };
		471482BC7CA13C141C9A3642 /* PredictionsMakeViewController.swift in Sources */ = {isa = PBXBuildFile; fileRef = 471482874213C28ED93C1129 /* PredictionsMakeViewController.swift */; };
		4714832D09A059D5D336ACB7 /* MainViewController.swift in Sources */ = {isa = PBXBuildFile; fileRef = 47148CCFA584E9E24CE71C3D /* MainViewController.swift */; };
		4714836B61C894155E18DC59 /* PredictionMakeCell.swift in Sources */ = {isa = PBXBuildFile; fileRef = 4714821C000CDF9DA8153010 /* PredictionMakeCell.swift */; };
		471483973114BCCE06B8B61B /* ScorePickerViewController.swift in Sources */ = {isa = PBXBuildFile; fileRef = 471482DF2D457412A34B65FF /* ScorePickerViewController.swift */; };
		4714860AB99D26D45DCA9B1D /* String+extension.swift in Sources */ = {isa = PBXBuildFile; fileRef = 471482657B1C590F16FA3A33 /* String+extension.swift */; };
		471489AB5EBB7F778C005776 /* Router.swift in Sources */ = {isa = PBXBuildFile; fileRef = 471482F8FE7CCFA2ADA35E19 /* Router.swift */; };
		471489F77EDD8CEF450A3472 /* Prediction.swift in Sources */ = {isa = PBXBuildFile; fileRef = 47148F4AB55FC24E64623645 /* Prediction.swift */; };
		47148BB09547D4091D8CF3BC /* Formatter.swift in Sources */ = {isa = PBXBuildFile; fileRef = 4714850BB9AAE03392612406 /* Formatter.swift */; };
		97AAD1DF222DA1F300BBC7F5 /* Assets.xcassets in Resources */ = {isa = PBXBuildFile; fileRef = 97AAD1D4222DA1F300BBC7F5 /* Assets.xcassets */; };
		97AAD1E0222DA1F300BBC7F5 /* LaunchScreen.storyboard in Resources */ = {isa = PBXBuildFile; fileRef = 97AAD1D5222DA1F300BBC7F5 /* LaunchScreen.storyboard */; };
		97AAD1E2222DA1F300BBC7F5 /* AppDelegate.swift in Sources */ = {isa = PBXBuildFile; fileRef = 97AAD1DA222DA1F300BBC7F5 /* AppDelegate.swift */; };
		97AAD1E4222DA1F300BBC7F5 /* Main.storyboard in Resources */ = {isa = PBXBuildFile; fileRef = 97AAD1DD222DA1F300BBC7F5 /* Main.storyboard */; };
		97AAD1E6222DA2F800BBC7F5 /* PredictionResultsViewController.swift in Sources */ = {isa = PBXBuildFile; fileRef = 97AAD1E5222DA2F800BBC7F5 /* PredictionResultsViewController.swift */; };
		97AAD1E9222DA73600BBC7F5 /* NetworkManager.swift in Sources */ = {isa = PBXBuildFile; fileRef = 97AAD1E8222DA73600BBC7F5 /* NetworkManager.swift */; };
		97AAD1EC222DAC1300BBC7F5 /* MatchesInfo.swift in Sources */ = {isa = PBXBuildFile; fileRef = 97AAD1EB222DAC1300BBC7F5 /* MatchesInfo.swift */; };
		97AAD1EE222DB00D00BBC7F5 /* MatchesResults.swift in Sources */ = {isa = PBXBuildFile; fileRef = 97AAD1ED222DB00D00BBC7F5 /* MatchesResults.swift */; };
		97AAD1F0222DB0BB00BBC7F5 /* AlertPresenter.swift in Sources */ = {isa = PBXBuildFile; fileRef = 97AAD1EF222DB0BB00BBC7F5 /* AlertPresenter.swift */; };
		97E9D0D7222EF1F9007634CA /* Localizable.strings in Resources */ = {isa = PBXBuildFile; fileRef = 97E9D0D5222EF1F9007634CA /* Localizable.strings */; };
		DDC8BD1611C036582F8F9914 /* Pods_Predictions.framework in Frameworks */ = {isa = PBXBuildFile; fileRef = 3FDFF842E550C56C42AE947E /* Pods_Predictions.framework */; };
/* End PBXBuildFile section */

/* Begin PBXFileReference section */
		3FDFF842E550C56C42AE947E /* Pods_Predictions.framework */ = {isa = PBXFileReference; explicitFileType = wrapper.framework; includeInIndex = 0; path = Pods_Predictions.framework; sourceTree = BUILT_PRODUCTS_DIR; };
		471480B4C600C994BBC8BEA1 /* PredictionsMakeAdapter.swift */ = {isa = PBXFileReference; fileEncoding = 4; lastKnownFileType = sourcecode.swift; path = PredictionsMakeAdapter.swift; sourceTree = "<group>"; };
		471481F27980E25DEFCB8D59 /* Int+exntesion.swift */ = {isa = PBXFileReference; fileEncoding = 4; lastKnownFileType = sourcecode.swift; path = "Int+exntesion.swift"; sourceTree = "<group>"; };
		4714821C000CDF9DA8153010 /* PredictionMakeCell.swift */ = {isa = PBXFileReference; fileEncoding = 4; lastKnownFileType = sourcecode.swift; path = PredictionMakeCell.swift; sourceTree = "<group>"; };
		471482657B1C590F16FA3A33 /* String+extension.swift */ = {isa = PBXFileReference; fileEncoding = 4; lastKnownFileType = sourcecode.swift; path = "String+extension.swift"; sourceTree = "<group>"; };
		471482874213C28ED93C1129 /* PredictionsMakeViewController.swift */ = {isa = PBXFileReference; fileEncoding = 4; lastKnownFileType = sourcecode.swift; path = PredictionsMakeViewController.swift; sourceTree = "<group>"; };
		471482DF2D457412A34B65FF /* ScorePickerViewController.swift */ = {isa = PBXFileReference; fileEncoding = 4; lastKnownFileType = sourcecode.swift; path = ScorePickerViewController.swift; sourceTree = "<group>"; };
		471482F8FE7CCFA2ADA35E19 /* Router.swift */ = {isa = PBXFileReference; fileEncoding = 4; lastKnownFileType = sourcecode.swift; path = Router.swift; sourceTree = "<group>"; };
		4714850BB9AAE03392612406 /* Formatter.swift */ = {isa = PBXFileReference; fileEncoding = 4; lastKnownFileType = sourcecode.swift; path = Formatter.swift; sourceTree = "<group>"; };
		47148CCFA584E9E24CE71C3D /* MainViewController.swift */ = {isa = PBXFileReference; fileEncoding = 4; lastKnownFileType = sourcecode.swift; path = MainViewController.swift; sourceTree = "<group>"; };
		47148F4AB55FC24E64623645 /* Prediction.swift */ = {isa = PBXFileReference; fileEncoding = 4; lastKnownFileType = sourcecode.swift; path = Prediction.swift; sourceTree = "<group>"; };
		67040FE44E36C8FD3402A8DB /* Pods-Predictions.release.xcconfig */ = {isa = PBXFileReference; includeInIndex = 1; lastKnownFileType = text.xcconfig; name = "Pods-Predictions.release.xcconfig"; path = "Target Support Files/Pods-Predictions/Pods-Predictions.release.xcconfig"; sourceTree = "<group>"; };
		97AAD1BE222DA0B600BBC7F5 /* Predictions.app */ = {isa = PBXFileReference; explicitFileType = wrapper.application; includeInIndex = 0; path = Predictions.app; sourceTree = BUILT_PRODUCTS_DIR; };
		97AAD1D4222DA1F300BBC7F5 /* Assets.xcassets */ = {isa = PBXFileReference; lastKnownFileType = folder.assetcatalog; path = Assets.xcassets; sourceTree = "<group>"; };
		97AAD1D6222DA1F300BBC7F5 /* Base */ = {isa = PBXFileReference; lastKnownFileType = file.storyboard; name = Base; path = Base.lproj/LaunchScreen.storyboard; sourceTree = "<group>"; };
		97AAD1D7222DA1F300BBC7F5 /* Info.plist */ = {isa = PBXFileReference; fileEncoding = 4; lastKnownFileType = text.plist.xml; path = Info.plist; sourceTree = "<group>"; };
		97AAD1DA222DA1F300BBC7F5 /* AppDelegate.swift */ = {isa = PBXFileReference; fileEncoding = 4; lastKnownFileType = sourcecode.swift; path = AppDelegate.swift; sourceTree = "<group>"; };
		97AAD1DE222DA1F300BBC7F5 /* Base */ = {isa = PBXFileReference; lastKnownFileType = file.storyboard; name = Base; path = Base.lproj/Main.storyboard; sourceTree = "<group>"; };
		97AAD1E5222DA2F800BBC7F5 /* PredictionResultsViewController.swift */ = {isa = PBXFileReference; lastKnownFileType = sourcecode.swift; path = PredictionResultsViewController.swift; sourceTree = "<group>"; };
		97AAD1E8222DA73600BBC7F5 /* NetworkManager.swift */ = {isa = PBXFileReference; lastKnownFileType = sourcecode.swift; path = NetworkManager.swift; sourceTree = "<group>"; };
		97AAD1EB222DAC1300BBC7F5 /* MatchesInfo.swift */ = {isa = PBXFileReference; lastKnownFileType = sourcecode.swift; path = MatchesInfo.swift; sourceTree = "<group>"; };
		97AAD1ED222DB00D00BBC7F5 /* MatchesResults.swift */ = {isa = PBXFileReference; lastKnownFileType = sourcecode.swift; path = MatchesResults.swift; sourceTree = "<group>"; };
		97AAD1EF222DB0BB00BBC7F5 /* AlertPresenter.swift */ = {isa = PBXFileReference; lastKnownFileType = sourcecode.swift; path = AlertPresenter.swift; sourceTree = "<group>"; };
		97E9D0D6222EF1F9007634CA /* Base */ = {isa = PBXFileReference; lastKnownFileType = text.plist.strings; name = Base; path = Base.lproj/Localizable.strings; sourceTree = "<group>"; };
		D670008852228CDDA2DCAA94 /* Pods-Predictions.debug.xcconfig */ = {isa = PBXFileReference; includeInIndex = 1; lastKnownFileType = text.xcconfig; name = "Pods-Predictions.debug.xcconfig"; path = "Target Support Files/Pods-Predictions/Pods-Predictions.debug.xcconfig"; sourceTree = "<group>"; };
/* End PBXFileReference section */

/* Begin PBXFrameworksBuildPhase section */
		97AAD1BB222DA0B600BBC7F5 /* Frameworks */ = {
			isa = PBXFrameworksBuildPhase;
			buildActionMask = 2147483647;
			files = (
				DDC8BD1611C036582F8F9914 /* Pods_Predictions.framework in Frameworks */,
			);
			runOnlyForDeploymentPostprocessing = 0;
		};
/* End PBXFrameworksBuildPhase section */

/* Begin PBXGroup section */
		47148877CDF7BE240A7C5552 /* PredictionsMake */ = {
			isa = PBXGroup;
			children = (
				471482874213C28ED93C1129 /* PredictionsMakeViewController.swift */,
				471480B4C600C994BBC8BEA1 /* PredictionsMakeAdapter.swift */,
				4714821C000CDF9DA8153010 /* PredictionMakeCell.swift */,
			);
			path = PredictionsMake;
			sourceTree = "<group>";
		};
		471489215D17DD1623CC7973 /* Main */ = {
			isa = PBXGroup;
			children = (
				47148CCFA584E9E24CE71C3D /* MainViewController.swift */,
			);
			path = Main;
			sourceTree = "<group>";
		};
		47148D53A527416386B10779 /* Extension */ = {
			isa = PBXGroup;
			children = (
				471482657B1C590F16FA3A33 /* String+extension.swift */,
				471481F27980E25DEFCB8D59 /* Int+exntesion.swift */,
			);
			path = Extension;
			sourceTree = "<group>";
		};
		6FC519C8A95F6C192A0FEDD8 /* Frameworks */ = {
			isa = PBXGroup;
			children = (
				3FDFF842E550C56C42AE947E /* Pods_Predictions.framework */,
			);
			name = Frameworks;
			sourceTree = "<group>";
		};
		97AAD1B5222DA0B600BBC7F5 = {
			isa = PBXGroup;
			children = (
				97AAD1D8222DA1F300BBC7F5 /* Source */,
				97AAD1D3222DA1F300BBC7F5 /* Resource */,
				97AAD1BF222DA0B600BBC7F5 /* Products */,
				F2455D25F2107ACE5B8A7B67 /* Pods */,
				6FC519C8A95F6C192A0FEDD8 /* Frameworks */,
			);
			sourceTree = "<group>";
		};
		97AAD1BF222DA0B600BBC7F5 /* Products */ = {
			isa = PBXGroup;
			children = (
				97AAD1BE222DA0B600BBC7F5 /* Predictions.app */,
			);
			name = Products;
			sourceTree = "<group>";
		};
		97AAD1D3222DA1F300BBC7F5 /* Resource */ = {
			isa = PBXGroup;
			children = (
				97AAD1D4222DA1F300BBC7F5 /* Assets.xcassets */,
				97AAD1D5222DA1F300BBC7F5 /* LaunchScreen.storyboard */,
				97AAD1D7222DA1F300BBC7F5 /* Info.plist */,
				97E9D0D5222EF1F9007634CA /* Localizable.strings */,
			);
			path = Resource;
			sourceTree = "<group>";
		};
		97AAD1D8222DA1F300BBC7F5 /* Source */ = {
			isa = PBXGroup;
			children = (
				97AAD1EA222DAC0400BBC7F5 /* Model */,
				97AAD1E7222DA72900BBC7F5 /* Core */,
				97AAD1D9222DA1F300BBC7F5 /* Application */,
				97AAD1DB222DA1F300BBC7F5 /* Screen */,
				47148D53A527416386B10779 /* Extension */,
			);
			path = Source;
			sourceTree = "<group>";
		};
		97AAD1D9222DA1F300BBC7F5 /* Application */ = {
			isa = PBXGroup;
			children = (
				97AAD1DA222DA1F300BBC7F5 /* AppDelegate.swift */,
			);
			path = Application;
			sourceTree = "<group>";
		};
		97AAD1DB222DA1F300BBC7F5 /* Screen */ = {
			isa = PBXGroup;
			children = (
				97AAD1E5222DA2F800BBC7F5 /* PredictionResultsViewController.swift */,
				97AAD1DD222DA1F300BBC7F5 /* Main.storyboard */,
				47148877CDF7BE240A7C5552 /* PredictionsMake */,
				471489215D17DD1623CC7973 /* Main */,
				471482DF2D457412A34B65FF /* ScorePickerViewController.swift */,
			);
			path = Screen;
			sourceTree = "<group>";
		};
		97AAD1E7222DA72900BBC7F5 /* Core */ = {
			isa = PBXGroup;
			children = (
				97AAD1E8222DA73600BBC7F5 /* NetworkManager.swift */,
				97AAD1EF222DB0BB00BBC7F5 /* AlertPresenter.swift */,
				4714850BB9AAE03392612406 /* Formatter.swift */,
				471482F8FE7CCFA2ADA35E19 /* Router.swift */,
			);
			path = Core;
			sourceTree = "<group>";
		};
		97AAD1EA222DAC0400BBC7F5 /* Model */ = {
			isa = PBXGroup;
			children = (
				97AAD1EB222DAC1300BBC7F5 /* MatchesInfo.swift */,
				97AAD1ED222DB00D00BBC7F5 /* MatchesResults.swift */,
				47148F4AB55FC24E64623645 /* Prediction.swift */,
			);
			path = Model;
			sourceTree = "<group>";
		};
		F2455D25F2107ACE5B8A7B67 /* Pods */ = {
			isa = PBXGroup;
			children = (
				D670008852228CDDA2DCAA94 /* Pods-Predictions.debug.xcconfig */,
				67040FE44E36C8FD3402A8DB /* Pods-Predictions.release.xcconfig */,
			);
			path = Pods;
			sourceTree = "<group>";
		};
/* End PBXGroup section */

/* Begin PBXNativeTarget section */
		97AAD1BD222DA0B600BBC7F5 /* Predictions */ = {
			isa = PBXNativeTarget;
			buildConfigurationList = 97AAD1D0222DA0B700BBC7F5 /* Build configuration list for PBXNativeTarget "Predictions" */;
			buildPhases = (
				0500E047ADC321FF3E47AB59 /* [CP] Check Pods Manifest.lock */,
				97AAD1BA222DA0B600BBC7F5 /* Sources */,
				97AAD1BB222DA0B600BBC7F5 /* Frameworks */,
				97AAD1BC222DA0B600BBC7F5 /* Resources */,
				877F801ACA8F392BFA38E24F /* [CP] Embed Pods Frameworks */,
			);
			buildRules = (
			);
			dependencies = (
			);
			name = Predictions;
			productName = Predictions;
			productReference = 97AAD1BE222DA0B600BBC7F5 /* Predictions.app */;
			productType = "com.apple.product-type.application";
		};
/* End PBXNativeTarget section */

/* Begin PBXProject section */
		97AAD1B6222DA0B600BBC7F5 /* Project object */ = {
			isa = PBXProject;
			attributes = {
				LastSwiftUpdateCheck = 1010;
				LastUpgradeCheck = 1010;
				ORGANIZATIONNAME = "Alexandr Motarykin";
				TargetAttributes = {
					97AAD1BD222DA0B600BBC7F5 = {
						CreatedOnToolsVersion = 10.1;
					};
				};
			};
			buildConfigurationList = 97AAD1B9222DA0B600BBC7F5 /* Build configuration list for PBXProject "Predictions" */;
			compatibilityVersion = "Xcode 9.3";
			developmentRegion = en;
			hasScannedForEncodings = 0;
			knownRegions = (
				en,
				Base,
			);
			mainGroup = 97AAD1B5222DA0B600BBC7F5;
			productRefGroup = 97AAD1BF222DA0B600BBC7F5 /* Products */;
			projectDirPath = "";
			projectRoot = "";
			targets = (
				97AAD1BD222DA0B600BBC7F5 /* Predictions */,
			);
		};
/* End PBXProject section */

/* Begin PBXResourcesBuildPhase section */
		97AAD1BC222DA0B600BBC7F5 /* Resources */ = {
			isa = PBXResourcesBuildPhase;
			buildActionMask = 2147483647;
			files = (
				97E9D0D7222EF1F9007634CA /* Localizable.strings in Resources */,
				97AAD1DF222DA1F300BBC7F5 /* Assets.xcassets in Resources */,
				97AAD1E0222DA1F300BBC7F5 /* LaunchScreen.storyboard in Resources */,
				97AAD1E4222DA1F300BBC7F5 /* Main.storyboard in Resources */,
			);
			runOnlyForDeploymentPostprocessing = 0;
		};
/* End PBXResourcesBuildPhase section */

/* Begin PBXShellScriptBuildPhase section */
		0500E047ADC321FF3E47AB59 /* [CP] Check Pods Manifest.lock */ = {
			isa = PBXShellScriptBuildPhase;
			buildActionMask = 2147483647;
			files = (
			);
			inputFileListPaths = (
			);
			inputPaths = (
				"${PODS_PODFILE_DIR_PATH}/Podfile.lock",
				"${PODS_ROOT}/Manifest.lock",
			);
			name = "[CP] Check Pods Manifest.lock";
			outputFileListPaths = (
			);
			outputPaths = (
				"$(DERIVED_FILE_DIR)/Pods-Predictions-checkManifestLockResult.txt",
			);
			runOnlyForDeploymentPostprocessing = 0;
			shellPath = /bin/sh;
			shellScript = "diff \"${PODS_PODFILE_DIR_PATH}/Podfile.lock\" \"${PODS_ROOT}/Manifest.lock\" > /dev/null\nif [ $? != 0 ] ; then\n    # print error to STDERR\n    echo \"error: The sandbox is not in sync with the Podfile.lock. Run 'pod install' or update your CocoaPods installation.\" >&2\n    exit 1\nfi\n# This output is used by Xcode 'outputs' to avoid re-running this script phase.\necho \"SUCCESS\" > \"${SCRIPT_OUTPUT_FILE_0}\"\n";
			showEnvVarsInLog = 0;
		};
		877F801ACA8F392BFA38E24F /* [CP] Embed Pods Frameworks */ = {
			isa = PBXShellScriptBuildPhase;
			buildActionMask = 2147483647;
			files = (
			);
			inputFileListPaths = (
			);
			inputPaths = (
				"${PODS_ROOT}/Target Support Files/Pods-Predictions/Pods-Predictions-frameworks.sh",
				"${BUILT_PRODUCTS_DIR}/Alamofire/Alamofire.framework",
			);
			name = "[CP] Embed Pods Frameworks";
			outputFileListPaths = (
			);
			outputPaths = (
				"${TARGET_BUILD_DIR}/${FRAMEWORKS_FOLDER_PATH}/Alamofire.framework",
			);
			runOnlyForDeploymentPostprocessing = 0;
			shellPath = /bin/sh;
			shellScript = "\"${PODS_ROOT}/Target Support Files/Pods-Predictions/Pods-Predictions-frameworks.sh\"\n";
			showEnvVarsInLog = 0;
		};
/* End PBXShellScriptBuildPhase section */

/* Begin PBXSourcesBuildPhase section */
		97AAD1BA222DA0B600BBC7F5 /* Sources */ = {
			isa = PBXSourcesBuildPhase;
			buildActionMask = 2147483647;
			files = (
				97AAD1E9222DA73600BBC7F5 /* NetworkManager.swift in Sources */,
				97AAD1F0222DB0BB00BBC7F5 /* AlertPresenter.swift in Sources */,
				97AAD1E6222DA2F800BBC7F5 /* PredictionResultsViewController.swift in Sources */,
				97AAD1EE222DB00D00BBC7F5 /* MatchesResults.swift in Sources */,
				97AAD1EC222DAC1300BBC7F5 /* MatchesInfo.swift in Sources */,
				97AAD1E2222DA1F300BBC7F5 /* AppDelegate.swift in Sources */,
				471482BC7CA13C141C9A3642 /* PredictionsMakeViewController.swift in Sources */,
				4714827AA9E72829301E7A4A /* PredictionsMakeAdapter.swift in Sources */,
				471489F77EDD8CEF450A3472 /* Prediction.swift in Sources */,
				4714836B61C894155E18DC59 /* PredictionMakeCell.swift in Sources */,
				47148BB09547D4091D8CF3BC /* Formatter.swift in Sources */,
				471489AB5EBB7F778C005776 /* Router.swift in Sources */,
				4714832D09A059D5D336ACB7 /* MainViewController.swift in Sources */,
				471483973114BCCE06B8B61B /* ScorePickerViewController.swift in Sources */,
				4714860AB99D26D45DCA9B1D /* String+extension.swift in Sources */,
				471480EA2EA33A43E7A55F63 /* Int+exntesion.swift in Sources */,
			);
			runOnlyForDeploymentPostprocessing = 0;
		};
/* End PBXSourcesBuildPhase section */

/* Begin PBXVariantGroup section */
		97AAD1D5222DA1F300BBC7F5 /* LaunchScreen.storyboard */ = {
			isa = PBXVariantGroup;
			children = (
				97AAD1D6222DA1F300BBC7F5 /* Base */,
			);
			name = LaunchScreen.storyboard;
			sourceTree = "<group>";
		};
		97AAD1DD222DA1F300BBC7F5 /* Main.storyboard */ = {
			isa = PBXVariantGroup;
			children = (
				97AAD1DE222DA1F300BBC7F5 /* Base */,
			);
			name = Main.storyboard;
			sourceTree = "<group>";
		};
		97E9D0D5222EF1F9007634CA /* Localizable.strings */ = {
			isa = PBXVariantGroup;
			children = (
				97E9D0D6222EF1F9007634CA /* Base */,
			);
			name = Localizable.strings;
			sourceTree = "<group>";
		};
/* End PBXVariantGroup section */

/* Begin XCBuildConfiguration section */
		97AAD1CE222DA0B700BBC7F5 /* Debug */ = {
			isa = XCBuildConfiguration;
			buildSettings = {
				ALWAYS_SEARCH_USER_PATHS = NO;
				CLANG_ANALYZER_NONNULL = YES;
				CLANG_ANALYZER_NUMBER_OBJECT_CONVERSION = YES_AGGRESSIVE;
				CLANG_CXX_LANGUAGE_STANDARD = "gnu++14";
				CLANG_CXX_LIBRARY = "libc++";
				CLANG_ENABLE_MODULES = YES;
				CLANG_ENABLE_OBJC_ARC = YES;
				CLANG_ENABLE_OBJC_WEAK = YES;
				CLANG_WARN_BLOCK_CAPTURE_AUTORELEASING = YES;
				CLANG_WARN_BOOL_CONVERSION = YES;
				CLANG_WARN_COMMA = YES;
				CLANG_WARN_CONSTANT_CONVERSION = YES;
				CLANG_WARN_DEPRECATED_OBJC_IMPLEMENTATIONS = YES;
				CLANG_WARN_DIRECT_OBJC_ISA_USAGE = YES_ERROR;
				CLANG_WARN_DOCUMENTATION_COMMENTS = YES;
				CLANG_WARN_EMPTY_BODY = YES;
				CLANG_WARN_ENUM_CONVERSION = YES;
				CLANG_WARN_INFINITE_RECURSION = YES;
				CLANG_WARN_INT_CONVERSION = YES;
				CLANG_WARN_NON_LITERAL_NULL_CONVERSION = YES;
				CLANG_WARN_OBJC_IMPLICIT_RETAIN_SELF = YES;
				CLANG_WARN_OBJC_LITERAL_CONVERSION = YES;
				CLANG_WARN_OBJC_ROOT_CLASS = YES_ERROR;
				CLANG_WARN_RANGE_LOOP_ANALYSIS = YES;
				CLANG_WARN_STRICT_PROTOTYPES = YES;
				CLANG_WARN_SUSPICIOUS_MOVE = YES;
				CLANG_WARN_UNGUARDED_AVAILABILITY = YES_AGGRESSIVE;
				CLANG_WARN_UNREACHABLE_CODE = YES;
				CLANG_WARN__DUPLICATE_METHOD_MATCH = YES;
				CODE_SIGN_IDENTITY = "iPhone Developer";
				COPY_PHASE_STRIP = NO;
				DEBUG_INFORMATION_FORMAT = dwarf;
				ENABLE_STRICT_OBJC_MSGSEND = YES;
				ENABLE_TESTABILITY = YES;
				GCC_C_LANGUAGE_STANDARD = gnu11;
				GCC_DYNAMIC_NO_PIC = NO;
				GCC_NO_COMMON_BLOCKS = YES;
				GCC_OPTIMIZATION_LEVEL = 0;
				GCC_PREPROCESSOR_DEFINITIONS = (
					"DEBUG=1",
					"$(inherited)",
				);
				GCC_WARN_64_TO_32_BIT_CONVERSION = YES;
				GCC_WARN_ABOUT_RETURN_TYPE = YES_ERROR;
				GCC_WARN_UNDECLARED_SELECTOR = YES;
				GCC_WARN_UNINITIALIZED_AUTOS = YES_AGGRESSIVE;
				GCC_WARN_UNUSED_FUNCTION = YES;
				GCC_WARN_UNUSED_VARIABLE = YES;
				IPHONEOS_DEPLOYMENT_TARGET = 12.1;
				MTL_ENABLE_DEBUG_INFO = INCLUDE_SOURCE;
				MTL_FAST_MATH = YES;
				ONLY_ACTIVE_ARCH = YES;
				SDKROOT = iphoneos;
				SWIFT_ACTIVE_COMPILATION_CONDITIONS = DEBUG;
				SWIFT_OPTIMIZATION_LEVEL = "-Onone";
			};
			name = Debug;
		};
		97AAD1CF222DA0B700BBC7F5 /* Release */ = {
			isa = XCBuildConfiguration;
			buildSettings = {
				ALWAYS_SEARCH_USER_PATHS = NO;
				CLANG_ANALYZER_NONNULL = YES;
				CLANG_ANALYZER_NUMBER_OBJECT_CONVERSION = YES_AGGRESSIVE;
				CLANG_CXX_LANGUAGE_STANDARD = "gnu++14";
				CLANG_CXX_LIBRARY = "libc++";
				CLANG_ENABLE_MODULES = YES;
				CLANG_ENABLE_OBJC_ARC = YES;
				CLANG_ENABLE_OBJC_WEAK = YES;
				CLANG_WARN_BLOCK_CAPTURE_AUTORELEASING = YES;
				CLANG_WARN_BOOL_CONVERSION = YES;
				CLANG_WARN_COMMA = YES;
				CLANG_WARN_CONSTANT_CONVERSION = YES;
				CLANG_WARN_DEPRECATED_OBJC_IMPLEMENTATIONS = YES;
				CLANG_WARN_DIRECT_OBJC_ISA_USAGE = YES_ERROR;
				CLANG_WARN_DOCUMENTATION_COMMENTS = YES;
				CLANG_WARN_EMPTY_BODY = YES;
				CLANG_WARN_ENUM_CONVERSION = YES;
				CLANG_WARN_INFINITE_RECURSION = YES;
				CLANG_WARN_INT_CONVERSION = YES;
				CLANG_WARN_NON_LITERAL_NULL_CONVERSION = YES;
				CLANG_WARN_OBJC_IMPLICIT_RETAIN_SELF = YES;
				CLANG_WARN_OBJC_LITERAL_CONVERSION = YES;
				CLANG_WARN_OBJC_ROOT_CLASS = YES_ERROR;
				CLANG_WARN_RANGE_LOOP_ANALYSIS = YES;
				CLANG_WARN_STRICT_PROTOTYPES = YES;
				CLANG_WARN_SUSPICIOUS_MOVE = YES;
				CLANG_WARN_UNGUARDED_AVAILABILITY = YES_AGGRESSIVE;
				CLANG_WARN_UNREACHABLE_CODE = YES;
				CLANG_WARN__DUPLICATE_METHOD_MATCH = YES;
				CODE_SIGN_IDENTITY = "iPhone Developer";
				COPY_PHASE_STRIP = NO;
				DEBUG_INFORMATION_FORMAT = "dwarf-with-dsym";
				ENABLE_NS_ASSERTIONS = NO;
				ENABLE_STRICT_OBJC_MSGSEND = YES;
				GCC_C_LANGUAGE_STANDARD = gnu11;
				GCC_NO_COMMON_BLOCKS = YES;
				GCC_WARN_64_TO_32_BIT_CONVERSION = YES;
				GCC_WARN_ABOUT_RETURN_TYPE = YES_ERROR;
				GCC_WARN_UNDECLARED_SELECTOR = YES;
				GCC_WARN_UNINITIALIZED_AUTOS = YES_AGGRESSIVE;
				GCC_WARN_UNUSED_FUNCTION = YES;
				GCC_WARN_UNUSED_VARIABLE = YES;
				IPHONEOS_DEPLOYMENT_TARGET = 12.1;
				MTL_ENABLE_DEBUG_INFO = NO;
				MTL_FAST_MATH = YES;
				SDKROOT = iphoneos;
				SWIFT_COMPILATION_MODE = wholemodule;
				SWIFT_OPTIMIZATION_LEVEL = "-O";
				VALIDATE_PRODUCT = YES;
			};
			name = Release;
		};
		97AAD1D1222DA0B700BBC7F5 /* Debug */ = {
			isa = XCBuildConfiguration;
			baseConfigurationReference = D670008852228CDDA2DCAA94 /* Pods-Predictions.debug.xcconfig */;
			buildSettings = {
				ASSETCATALOG_COMPILER_APPICON_NAME = AppIcon;
				CODE_SIGN_IDENTITY = "iPhone Developer";
				CODE_SIGN_STYLE = Automatic;
				DEVELOPMENT_TEAM = "";
				INFOPLIST_FILE = "$(SRCROOT)/Resource/Info.plist";
				LD_RUNPATH_SEARCH_PATHS = (
					"$(inherited)",
					"@executable_path/Frameworks",
				);
				PRODUCT_BUNDLE_IDENTIFIER = com.amo.Predictions;
				PRODUCT_NAME = "$(TARGET_NAME)";
				PROVISIONING_PROFILE_SPECIFIER = "";
				SWIFT_VERSION = 4.2;
				TARGETED_DEVICE_FAMILY = "1,2";
			};
			name = Debug;
		};
		97AAD1D2222DA0B700BBC7F5 /* Release */ = {
			isa = XCBuildConfiguration;
			baseConfigurationReference = 67040FE44E36C8FD3402A8DB /* Pods-Predictions.release.xcconfig */;
			buildSettings = {
				ASSETCATALOG_COMPILER_APPICON_NAME = AppIcon;
				CODE_SIGN_IDENTITY = "iPhone Developer";
				CODE_SIGN_STYLE = Automatic;
				DEVELOPMENT_TEAM = "";
				INFOPLIST_FILE = "$(SRCROOT)/Resource/Info.plist";
				LD_RUNPATH_SEARCH_PATHS = (
					"$(inherited)",
					"@executable_path/Frameworks",
				);
				PRODUCT_BUNDLE_IDENTIFIER = com.amo.Predictions;
				PRODUCT_NAME = "$(TARGET_NAME)";
				PROVISIONING_PROFILE_SPECIFIER = "";
				SWIFT_VERSION = 4.2;
				TARGETED_DEVICE_FAMILY = "1,2";
			};
			name = Release;
		};
/* End XCBuildConfiguration section */

/* Begin XCConfigurationList section */
		97AAD1B9222DA0B600BBC7F5 /* Build configuration list for PBXProject "Predictions" */ = {
			isa = XCConfigurationList;
			buildConfigurations = (
				97AAD1CE222DA0B700BBC7F5 /* Debug */,
				97AAD1CF222DA0B700BBC7F5 /* Release */,
			);
			defaultConfigurationIsVisible = 0;
			defaultConfigurationName = Release;
		};
		97AAD1D0222DA0B700BBC7F5 /* Build configuration list for PBXNativeTarget "Predictions" */ = {
			isa = XCConfigurationList;
			buildConfigurations = (
				97AAD1D1222DA0B700BBC7F5 /* Debug */,
				97AAD1D2222DA0B700BBC7F5 /* Release */,
			);
			defaultConfigurationIsVisible = 0;
			defaultConfigurationName = Release;
		};
/* End XCConfigurationList section */
	};
	rootObject = 97AAD1B6222DA0B600BBC7F5 /* Project object */;
}
